
Microsoft Visual Studio Solution File, Format Version 12.00
# Visual Studio Version 17
VisualStudioVersion = 17.10.35122.118
MinimumVisualStudioVersion = 10.0.40219.1
Project("{FAE04EC0-301F-11D3-BF4B-00C04F79EFBC}") = "ExpenseTracker.Api", "ExpenseTracker.Api.csproj", "{FC49597D-7A04-4909-B4E8-62538230437F}"
EndProject
Project("{FAE04EC0-301F-11D3-BF4B-00C04F79EFBC}") = "ExpenseTracker.Api.Tests", "ExpenseTracker.Api.Tests\ExpenseTracker.Api.Tests.csproj", "{E53E7A8B-CE45-4E61-B67B-E6EF58C6972E}"
EndProject
Global
	GlobalSection(SolutionConfigurationPlatforms) = preSolution
		Debug|Any CPU = Debug|Any CPU
		Debug|x64 = Debug|x64
		Debug|x86 = Debug|x86
		Release|Any CPU = Release|Any CPU
		Release|x64 = Release|x64
		Release|x86 = Release|x86
	EndGlobalSection
	GlobalSection(ProjectConfigurationPlatforms) = postSolution
		{FC49597D-7A04-4909-B4E8-62538230437F}.Debug|Any CPU.ActiveCfg = Debug|Any CPU
		{FC49597D-7A04-4909-B4E8-62538230437F}.Debug|Any CPU.Build.0 = Debug|Any CPU
		{FC49597D-7A04-4909-B4E8-62538230437F}.Debug|x64.ActiveCfg = Debug|Any CPU
		{FC49597D-7A04-4909-B4E8-62538230437F}.Debug|x64.Build.0 = Debug|Any CPU
		{FC49597D-7A04-4909-B4E8-62538230437F}.Debug|x86.ActiveCfg = Debug|Any CPU
		{FC49597D-7A04-4909-B4E8-62538230437F}.Debug|x86.Build.0 = Debug|Any CPU
		{FC49597D-7A04-4909-B4E8-62538230437F}.Release|Any CPU.ActiveCfg = Release|Any CPU
		{FC49597D-7A04-4909-B4E8-62538230437F}.Release|Any CPU.Build.0 = Release|Any CPU
		{FC49597D-7A04-4909-B4E8-62538230437F}.Release|x64.ActiveCfg = Release|Any CPU
		{FC49597D-7A04-4909-B4E8-62538230437F}.Release|x64.Build.0 = Release|Any CPU
		{FC49597D-7A04-4909-B4E8-62538230437F}.Release|x86.ActiveCfg = Release|Any CPU
		{FC49597D-7A04-4909-B4E8-62538230437F}.Release|x86.Build.0 = Release|Any CPU
		{E53E7A8B-CE45-4E61-B67B-E6EF58C6972E}.Debug|Any CPU.ActiveCfg = Debug|Any CPU
		{E53E7A8B-CE45-4E61-B67B-E6EF58C6972E}.Debug|Any CPU.Build.0 = Debug|Any CPU
		{E53E7A8B-CE45-4E61-B67B-E6EF58C6972E}.Debug|x64.ActiveCfg = Debug|Any CPU
		{E53E7A8B-CE45-4E61-B67B-E6EF58C6972E}.Debug|x64.Build.0 = Debug|Any CPU
		{E53E7A8B-CE45-4E61-B67B-E6EF58C6972E}.Debug|x86.ActiveCfg = Debug|Any CPU
		{E53E7A8B-CE45-4E61-B67B-E6EF58C6972E}.Debug|x86.Build.0 = Debug|Any CPU
		{E53E7A8B-CE45-4E61-B67B-E6EF58C6972E}.Release|Any CPU.ActiveCfg = Release|Any CPU
		{E53E7A8B-CE45-4E61-B67B-E6EF58C6972E}.Release|Any CPU.Build.0 = Release|Any CPU
		{E53E7A8B-CE45-4E61-B67B-E6EF58C6972E}.Release|x64.ActiveCfg = Release|Any CPU
		{E53E7A8B-CE45-4E61-B67B-E6EF58C6972E}.Release|x64.Build.0 = Release|Any CPU
		{E53E7A8B-CE45-4E61-B67B-E6EF58C6972E}.Release|x86.ActiveCfg = Release|Any CPU
		{E53E7A8B-CE45-4E61-B67B-E6EF58C6972E}.Release|x86.Build.0 = Release|Any CPU
	EndGlobalSection
	GlobalSection(SolutionProperties) = preSolution
		HideSolutionNode = FALSE
	EndGlobalSection
	GlobalSection(ExtensibilityGlobals) = postSolution
		SolutionGuid = {B36B80FC-56E1-4093-81C6-A63C363BE549}
	EndGlobalSection
EndGlobal
